
Microsoft Visual Studio Solution File, Format Version 12.00
# Visual Studio Version 17
VisualStudioVersion = 17.5.33424.131
MinimumVisualStudioVersion = 10.0.40219.1
Project("{00D1A9C2-B5F0-4AF3-8072-F6C62B433612}") = "GeradorDeTestes.Projeto.Sql", "GeradorDeTestes.Projeto.Sql\GeradorDeTestes.Projeto.Sql.sqlproj", "{DCD26449-301C-42AC-AE0E-888713049822}"
EndProject
Project("{2150E333-8FDC-42A3-9474-1A3956D46DE8}") = "1- Apresentação", "1- Apresentação", "{7805FF0A-3854-4614-8521-01AF7F1C3BFA}"
EndProject
Project("{2150E333-8FDC-42A3-9474-1A3956D46DE8}") = "3- Domínio", "3- Domínio", "{DACB633F-3C8B-495A-9D91-051D443B1939}"
EndProject
Project("{9A19103F-16F7-4668-BE54-9A1E7A4F7556}") = "GeradorDeTestes.Dominio", "GeradorDeTestes.Dominio\GeradorDeTestes.Dominio.csproj", "{BBA14DD1-7113-494D-B21E-FB2234BE51EC}"
EndProject
Project("{2150E333-8FDC-42A3-9474-1A3956D46DE8}") = "4- Infraestrutura", "4- Infraestrutura", "{5B3E3DA4-6CAD-48EF-AA58-9AA022CBBCF6}"
EndProject
Project("{2150E333-8FDC-42A3-9474-1A3956D46DE8}") = "Sql", "Sql", "{CA8373E7-8998-4910-AE42-DC2AC1BCB291}"
EndProject
Project("{9A19103F-16F7-4668-BE54-9A1E7A4F7556}") = "GeradorDeTestes.Infra.Dados.Sql", "GeradorDeTestes.Infra.Dados.Sql\GeradorDeTestes.Infra.Dados.Sql.csproj", "{8370C9F2-F79A-422F-886E-DBB485525509}"
EndProject
Project("{9A19103F-16F7-4668-BE54-9A1E7A4F7556}") = "gerador.WinApp", "gerador.WinApp\gerador.WinApp.csproj", "{7AAF71F2-3EED-4597-BE41-8B9ADCD5BB9A}"
EndProject
Project("{2150E333-8FDC-42A3-9474-1A3956D46DE8}") = "2-Aplicacao", "2-Aplicacao", "{01D54F2A-6533-46AA-A39A-03A82F7A2754}"
EndProject
Project("{9A19103F-16F7-4668-BE54-9A1E7A4F7556}") = "GerardorDeTestes.Aplicacao", "GerardorDeTestes.Aplicacao\GerardorDeTestes.Aplicacao.csproj", "{3920AF9E-6988-41E1-B1E3-29919E224876}"
EndProject
Project("{2150E333-8FDC-42A3-9474-1A3956D46DE8}") = "5 - Testes", "5 - Testes", "{5D4F266B-5BF8-4D02-9C9C-D59D18067100}"
EndProject
Project("{FAE04EC0-301F-11D3-BF4B-00C04F79EFBC}") = "GeradorDeTestes.TestesUnitarios", "GeradorDeTestes.TestesUnitarios\GeradorDeTestes.TestesUnitarios.csproj", "{1D53B064-1A9A-46A9-A29D-C7A732EC551F}"
EndProject
Global
	GlobalSection(SolutionConfigurationPlatforms) = preSolution
		Debug|Any CPU = Debug|Any CPU
		Release|Any CPU = Release|Any CPU
	EndGlobalSection
	GlobalSection(ProjectConfigurationPlatforms) = postSolution
		{DCD26449-301C-42AC-AE0E-888713049822}.Debug|Any CPU.ActiveCfg = Debug|Any CPU
		{DCD26449-301C-42AC-AE0E-888713049822}.Debug|Any CPU.Build.0 = Debug|Any CPU
		{DCD26449-301C-42AC-AE0E-888713049822}.Debug|Any CPU.Deploy.0 = Debug|Any CPU
		{DCD26449-301C-42AC-AE0E-888713049822}.Release|Any CPU.ActiveCfg = Release|Any CPU
		{DCD26449-301C-42AC-AE0E-888713049822}.Release|Any CPU.Build.0 = Release|Any CPU
		{DCD26449-301C-42AC-AE0E-888713049822}.Release|Any CPU.Deploy.0 = Release|Any CPU
		{BBA14DD1-7113-494D-B21E-FB2234BE51EC}.Debug|Any CPU.ActiveCfg = Debug|Any CPU
		{BBA14DD1-7113-494D-B21E-FB2234BE51EC}.Debug|Any CPU.Build.0 = Debug|Any CPU
		{BBA14DD1-7113-494D-B21E-FB2234BE51EC}.Release|Any CPU.ActiveCfg = Release|Any CPU
		{BBA14DD1-7113-494D-B21E-FB2234BE51EC}.Release|Any CPU.Build.0 = Release|Any CPU
		{8370C9F2-F79A-422F-886E-DBB485525509}.Debug|Any CPU.ActiveCfg = Debug|Any CPU
		{8370C9F2-F79A-422F-886E-DBB485525509}.Debug|Any CPU.Build.0 = Debug|Any CPU
		{8370C9F2-F79A-422F-886E-DBB485525509}.Release|Any CPU.ActiveCfg = Release|Any CPU
		{8370C9F2-F79A-422F-886E-DBB485525509}.Release|Any CPU.Build.0 = Release|Any CPU
		{7AAF71F2-3EED-4597-BE41-8B9ADCD5BB9A}.Debug|Any CPU.ActiveCfg = Debug|Any CPU
		{7AAF71F2-3EED-4597-BE41-8B9ADCD5BB9A}.Debug|Any CPU.Build.0 = Debug|Any CPU
		{7AAF71F2-3EED-4597-BE41-8B9ADCD5BB9A}.Release|Any CPU.ActiveCfg = Release|Any CPU
		{7AAF71F2-3EED-4597-BE41-8B9ADCD5BB9A}.Release|Any CPU.Build.0 = Release|Any CPU
		{3920AF9E-6988-41E1-B1E3-29919E224876}.Debug|Any CPU.ActiveCfg = Debug|Any CPU
		{3920AF9E-6988-41E1-B1E3-29919E224876}.Debug|Any CPU.Build.0 = Debug|Any CPU
		{3920AF9E-6988-41E1-B1E3-29919E224876}.Release|Any CPU.ActiveCfg = Release|Any CPU
		{3920AF9E-6988-41E1-B1E3-29919E224876}.Release|Any CPU.Build.0 = Release|Any CPU
		{1D53B064-1A9A-46A9-A29D-C7A732EC551F}.Debug|Any CPU.ActiveCfg = Debug|Any CPU
		{1D53B064-1A9A-46A9-A29D-C7A732EC551F}.Debug|Any CPU.Build.0 = Debug|Any CPU
		{1D53B064-1A9A-46A9-A29D-C7A732EC551F}.Release|Any CPU.ActiveCfg = Release|Any CPU
		{1D53B064-1A9A-46A9-A29D-C7A732EC551F}.Release|Any CPU.Build.0 = Release|Any CPU
	EndGlobalSection
	GlobalSection(SolutionProperties) = preSolution
		HideSolutionNode = FALSE
	EndGlobalSection
	GlobalSection(NestedProjects) = preSolution
		{DCD26449-301C-42AC-AE0E-888713049822} = {CA8373E7-8998-4910-AE42-DC2AC1BCB291}
		{BBA14DD1-7113-494D-B21E-FB2234BE51EC} = {DACB633F-3C8B-495A-9D91-051D443B1939}
		{CA8373E7-8998-4910-AE42-DC2AC1BCB291} = {5B3E3DA4-6CAD-48EF-AA58-9AA022CBBCF6}
		{8370C9F2-F79A-422F-886E-DBB485525509} = {CA8373E7-8998-4910-AE42-DC2AC1BCB291}
		{7AAF71F2-3EED-4597-BE41-8B9ADCD5BB9A} = {7805FF0A-3854-4614-8521-01AF7F1C3BFA}
		{3920AF9E-6988-41E1-B1E3-29919E224876} = {01D54F2A-6533-46AA-A39A-03A82F7A2754}
		{1D53B064-1A9A-46A9-A29D-C7A732EC551F} = {5D4F266B-5BF8-4D02-9C9C-D59D18067100}
	EndGlobalSection
	GlobalSection(ExtensibilityGlobals) = postSolution
		SolutionGuid = {EAC96A5B-892F-480B-8FDF-C1061C6DFE3B}
	EndGlobalSection
EndGlobal
